<?xml version="1.0" encoding="utf-8"?>
<Project ToolsVersion="4.0" xmlns="http://schemas.microsoft.com/developer/msbuild/2003">
  <ItemGroup>
    <Filter Include="源文件">
      <UniqueIdentifier>{4FC737F1-C7A5-4376-A066-2A32D752A2FF}</UniqueIdentifier>
      <Extensions>cpp;c;cc;cxx;c++;cppm;ixx;def;odl;idl;hpj;bat;asm;asmx</Extensions>
    </Filter>
    <Filter Include="头文件">
      <UniqueIdentifier>{93995380-89BD-4b04-88EB-625FBE52EBFB}</UniqueIdentifier>
      <Extensions>h;hh;hpp;hxx;h++;hm;inl;inc;ipp;xsd</Extensions>
    </Filter>
    <Filter Include="资源文件">
      <UniqueIdentifier>{67DA6AB6-F800-4c08-8B7A-83BB121AAD01}</UniqueIdentifier>
      <Extensions>rc;ico;cur;bmp;dlg;rc2;rct;bin;rgs;gif;jpg;jpeg;jpe;resx;tiff;tif;png;wav;mfcribbon-ms</Extensions>
    </Filter>
    <Filter Include="lib">
      <UniqueIdentifier>{1ddc0d2b-22f2-4a9f-971f-abfd0eea3873}</UniqueIdentifier>
    </Filter>
    <Filter Include="PCI1230">
      <UniqueIdentifier>{5f37525f-c2d7-4085-bc59-5371a60a1c05}</UniqueIdentifier>
    </Filter>
    <Filter Include="VC3000">
      <UniqueIdentifier>{b10d5030-f222-46b6-b908-6641fe7900fd}</UniqueIdentifier>
    </Filter>
    <Filter Include="通用接口">
      <UniqueIdentifier>{4b42f749-4730-4574-a782-2c254b2cdcab}</UniqueIdentifier>
    </Filter>
  </ItemGroup>
  <ItemGroup>
    <ClInclude Include="framework.h">
      <Filter>头文件</Filter>
    </ClInclude>
    <ClInclude Include="pch.h">
      <Filter>头文件</Filter>
    </ClInclude>
    <ClInclude Include="CPCIe1230.h">
      <Filter>PCI1230</Filter>
    </ClInclude>
    <ClInclude Include="CVC3000.h">
      <Filter>VC3000</Filter>
    </ClInclude>
    <ClInclude Include="MZ_PCIControlconn.h">
      <Filter>通用接口</Filter>
    </ClInclude>
    <ClInclude Include="MZ_IOControlLib.h">
      <Filter>lib</Filter>
    </ClInclude>
  </ItemGroup>
  <ItemGroup>
    <ClCompile Include="dllmain.cpp">
      <Filter>源文件</Filter>
    </ClCompile>
    <ClCompile Include="pch.cpp">
      <Filter>源文件</Filter>
    </ClCompile>
    <ClCompile Include="CPCIe1230.cpp">
      <Filter>PCI1230</Filter>
    </ClCompile>
    <ClCompile Include="CVC3000.cpp">
      <Filter>VC3000</Filter>
    </ClCompile>
    <ClCompile Include="MZ_PCIControlconn.cpp">
      <Filter>通用接口</Filter>
    </ClCompile>
    <ClCompile Include="MZ_IOControlLib.cpp">
      <Filter>lib</Filter>
    </ClCompile>
  </ItemGroup>
</Project>